
Microsoft Visual Studio Solution File, Format Version 12.00
# Visual Studio Version 17
VisualStudioVersion = 17.14.37012.4 d17.14
MinimumVisualStudioVersion = 10.0.40219.1
Project("{FAE04EC0-301F-11D3-BF4B-00C04F79EFBC}") = "Creative", "Creative\Creative.csproj", "{7CD313DD-24F5-484D-AA75-9ACF3E55674F}"
EndProject
Global
	GlobalSection(SolutionConfigurationPlatforms) = preSolution
		Debug|Any CPU = Debug|Any CPU
		Release|Any CPU = Release|Any CPU
	EndGlobalSection
	GlobalSection(ProjectConfigurationPlatforms) = postSolution
		{7CD313DD-24F5-484D-AA75-9ACF3E55674F}.Debug|Any CPU.ActiveCfg = Debug|Any CPU
		{7CD313DD-24F5-484D-AA75-9ACF3E55674F}.Debug|Any CPU.Build.0 = Debug|Any CPU
		{7CD313DD-24F5-484D-AA75-9ACF3E55674F}.Release|Any CPU.ActiveCfg = Release|Any CPU
		{7CD313DD-24F5-484D-AA75-9ACF3E55674F}.Release|Any CPU.Build.0 = Release|Any CPU
	EndGlobalSection
	GlobalSection(SolutionProperties) = preSolution
		HideSolutionNode = FALSE
	EndGlobalSection
	GlobalSection(ExtensibilityGlobals) = postSolution
		SolutionGuid = {415BDDC9-0108-482B-A44F-59A6B48D124A}
	EndGlobalSection
EndGlobal
